// !$*UTF8*$!
{
	archiveVersion = 1;
	classes = {
	};
	objectVersion = 56;
	objects = {

/* Begin PBXBuildFile section */
		9F02B5B0299E4F2300D696D3 /* ListPopularFilmsViewController.swift in Sources */ = {isa = PBXBuildFile; fileRef = 9F035DF9299546960004CC14 /* ListPopularFilmsViewController.swift */; };
		9F02B5B2299E520500D696D3 /* APIClient.swift in Sources */ = {isa = PBXBuildFile; fileRef = 9F02B5B1299E520500D696D3 /* APIClient.swift */; };
		9F02B5B6299E540200D696D3 /* Constants.swift in Sources */ = {isa = PBXBuildFile; fileRef = 9F02B5B5299E540200D696D3 /* Constants.swift */; };
		9F035DFC299546960004CC14 /* ListPopularFilmsViewController.xib in Resources */ = {isa = PBXBuildFile; fileRef = 9F035DFA299546960004CC14 /* ListPopularFilmsViewController.xib */; };
		9FA8FE532992BD3B00D9017A /* AppDelegate.swift in Sources */ = {isa = PBXBuildFile; fileRef = 9FA8FE522992BD3B00D9017A /* AppDelegate.swift */; };
		9FA8FE552992BD3B00D9017A /* SceneDelegate.swift in Sources */ = {isa = PBXBuildFile; fileRef = 9FA8FE542992BD3B00D9017A /* SceneDelegate.swift */; };
		9FA8FE5C2992BD3B00D9017A /* Assets.xcassets in Resources */ = {isa = PBXBuildFile; fileRef = 9FA8FE5B2992BD3B00D9017A /* Assets.xcassets */; };
		9FA8FE6A2992BD3C00D9017A /* MovieLibraryTests.swift in Sources */ = {isa = PBXBuildFile; fileRef = 9FA8FE692992BD3C00D9017A /* MovieLibraryTests.swift */; };
		9FA8FE742992BD3C00D9017A /* MovieLibraryUITests.swift in Sources */ = {isa = PBXBuildFile; fileRef = 9FA8FE732992BD3C00D9017A /* MovieLibraryUITests.swift */; };
		9FA8FE762992BD3C00D9017A /* MovieLibraryUITestsLaunchTests.swift in Sources */ = {isa = PBXBuildFile; fileRef = 9FA8FE752992BD3C00D9017A /* MovieLibraryUITestsLaunchTests.swift */; };
		9FE0687B299E3ABD007A34A6 /* ModelPopularFilms.swift in Sources */ = {isa = PBXBuildFile; fileRef = 9FE0687A299E3ABD007A34A6 /* ModelPopularFilms.swift */; };
/* End PBXBuildFile section */

/* Begin PBXContainerItemProxy section */
		9FA8FE662992BD3C00D9017A /* PBXContainerItemProxy */ = {
			isa = PBXContainerItemProxy;
			containerPortal = 9FA8FE472992BD3A00D9017A /* Project object */;
			proxyType = 1;
			remoteGlobalIDString = 9FA8FE4E2992BD3B00D9017A;
			remoteInfo = MovieLibrary;
		};
		9FA8FE702992BD3C00D9017A /* PBXContainerItemProxy */ = {
			isa = PBXContainerItemProxy;
			containerPortal = 9FA8FE472992BD3A00D9017A /* Project object */;
			proxyType = 1;
			remoteGlobalIDString = 9FA8FE4E2992BD3B00D9017A;
			remoteInfo = MovieLibrary;
		};
/* End PBXContainerItemProxy section */

/* Begin PBXFileReference section */
		9F02B5B1299E520500D696D3 /* APIClient.swift */ = {isa = PBXFileReference; lastKnownFileType = sourcecode.swift; path = APIClient.swift; sourceTree = "<group>"; };
		9F02B5B5299E540200D696D3 /* Constants.swift */ = {isa = PBXFileReference; lastKnownFileType = sourcecode.swift; path = Constants.swift; sourceTree = "<group>"; };
		9F035DF9299546960004CC14 /* ListPopularFilmsViewController.swift */ = {isa = PBXFileReference; lastKnownFileType = sourcecode.swift; path = ListPopularFilmsViewController.swift; sourceTree = "<group>"; };
		9F035DFA299546960004CC14 /* ListPopularFilmsViewController.xib */ = {isa = PBXFileReference; lastKnownFileType = file.xib; path = ListPopularFilmsViewController.xib; sourceTree = "<group>"; };
		9FA8FE4F2992BD3B00D9017A /* MovieLibrary.app */ = {isa = PBXFileReference; explicitFileType = wrapper.application; includeInIndex = 0; path = MovieLibrary.app; sourceTree = BUILT_PRODUCTS_DIR; };
		9FA8FE522992BD3B00D9017A /* AppDelegate.swift */ = {isa = PBXFileReference; lastKnownFileType = sourcecode.swift; path = AppDelegate.swift; sourceTree = "<group>"; };
		9FA8FE542992BD3B00D9017A /* SceneDelegate.swift */ = {isa = PBXFileReference; lastKnownFileType = sourcecode.swift; path = SceneDelegate.swift; sourceTree = "<group>"; };
		9FA8FE5B2992BD3B00D9017A /* Assets.xcassets */ = {isa = PBXFileReference; lastKnownFileType = folder.assetcatalog; path = Assets.xcassets; sourceTree = "<group>"; };
		9FA8FE602992BD3B00D9017A /* Info.plist */ = {isa = PBXFileReference; lastKnownFileType = text.plist.xml; path = Info.plist; sourceTree = "<group>"; };
		9FA8FE652992BD3C00D9017A /* MovieLibraryTests.xctest */ = {isa = PBXFileReference; explicitFileType = wrapper.cfbundle; includeInIndex = 0; path = MovieLibraryTests.xctest; sourceTree = BUILT_PRODUCTS_DIR; };
		9FA8FE692992BD3C00D9017A /* MovieLibraryTests.swift */ = {isa = PBXFileReference; lastKnownFileType = sourcecode.swift; path = MovieLibraryTests.swift; sourceTree = "<group>"; };
		9FA8FE6F2992BD3C00D9017A /* MovieLibraryUITests.xctest */ = {isa = PBXFileReference; explicitFileType = wrapper.cfbundle; includeInIndex = 0; path = MovieLibraryUITests.xctest; sourceTree = BUILT_PRODUCTS_DIR; };
		9FA8FE732992BD3C00D9017A /* MovieLibraryUITests.swift */ = {isa = PBXFileReference; lastKnownFileType = sourcecode.swift; path = MovieLibraryUITests.swift; sourceTree = "<group>"; };
		9FA8FE752992BD3C00D9017A /* MovieLibraryUITestsLaunchTests.swift */ = {isa = PBXFileReference; lastKnownFileType = sourcecode.swift; path = MovieLibraryUITestsLaunchTests.swift; sourceTree = "<group>"; };
		9FE0687A299E3ABD007A34A6 /* ModelPopularFilms.swift */ = {isa = PBXFileReference; lastKnownFileType = sourcecode.swift; path = ModelPopularFilms.swift; sourceTree = "<group>"; };
/* End PBXFileReference section */

/* Begin PBXFrameworksBuildPhase section */
		9FA8FE4C2992BD3B00D9017A /* Frameworks */ = {
			isa = PBXFrameworksBuildPhase;
			buildActionMask = 2147483647;
			files = (
			);
			runOnlyForDeploymentPostprocessing = 0;
		};
		9FA8FE622992BD3C00D9017A /* Frameworks */ = {
			isa = PBXFrameworksBuildPhase;
			buildActionMask = 2147483647;
			files = (
			);
			runOnlyForDeploymentPostprocessing = 0;
		};
		9FA8FE6C2992BD3C00D9017A /* Frameworks */ = {
			isa = PBXFrameworksBuildPhase;
			buildActionMask = 2147483647;
			files = (
			);
			runOnlyForDeploymentPostprocessing = 0;
		};
/* End PBXFrameworksBuildPhase section */

/* Begin PBXGroup section */
		9F02B5B3299E53E300D696D3 /* Util */ = {
			isa = PBXGroup;
			children = (
				9F02B5B4299E53F500D696D3 /* Common */,
			);
			path = Util;
			sourceTree = "<group>";
		};
		9F02B5B4299E53F500D696D3 /* Common */ = {
			isa = PBXGroup;
			children = (
				9F02B5B5299E540200D696D3 /* Constants.swift */,
			);
			path = Common;
			sourceTree = "<group>";
		};
		9F035DFE2995470F0004CC14 /* PopularFilms */ = {
			isa = PBXGroup;
			children = (
				9F035DFA299546960004CC14 /* ListPopularFilmsViewController.xib */,
			);
			path = PopularFilms;
			sourceTree = "<group>";
		};
		9FA8FE462992BD3A00D9017A = {
			isa = PBXGroup;
			children = (
				9FA8FE512992BD3B00D9017A /* MovieLibrary */,
				9FA8FE682992BD3C00D9017A /* MovieLibraryTests */,
				9FA8FE722992BD3C00D9017A /* MovieLibraryUITests */,
				9FA8FE502992BD3B00D9017A /* Products */,
			);
			sourceTree = "<group>";
		};
		9FA8FE502992BD3B00D9017A /* Products */ = {
			isa = PBXGroup;
			children = (
				9FA8FE4F2992BD3B00D9017A /* MovieLibrary.app */,
				9FA8FE652992BD3C00D9017A /* MovieLibraryTests.xctest */,
				9FA8FE6F2992BD3C00D9017A /* MovieLibraryUITests.xctest */,
			);
			name = Products;
			sourceTree = "<group>";
		};
		9FA8FE512992BD3B00D9017A /* MovieLibrary */ = {
			isa = PBXGroup;
			children = (
				9FA8FE89299545C300D9017A /* Model */,
				9FA8FE8A299545D000D9017A /* View */,
				9FA8FE8B299545D700D9017A /* Controller */,
				9FD96667299A6E8A006B0357 /* Provider */,
				9F02B5B3299E53E300D696D3 /* Util */,
				9FA8FE882995163000D9017A /* SupportingFiles */,
				9FA8FE5B2992BD3B00D9017A /* Assets.xcassets */,
				9FA8FE542992BD3B00D9017A /* SceneDelegate.swift */,
				9FA8FE522992BD3B00D9017A /* AppDelegate.swift */,
			);
			path = MovieLibrary;
			sourceTree = "<group>";
		};
		9FA8FE682992BD3C00D9017A /* MovieLibraryTests */ = {
			isa = PBXGroup;
			children = (
				9FA8FE692992BD3C00D9017A /* MovieLibraryTests.swift */,
			);
			path = MovieLibraryTests;
			sourceTree = "<group>";
		};
		9FA8FE722992BD3C00D9017A /* MovieLibraryUITests */ = {
			isa = PBXGroup;
			children = (
				9FA8FE732992BD3C00D9017A /* MovieLibraryUITests.swift */,
				9FA8FE752992BD3C00D9017A /* MovieLibraryUITestsLaunchTests.swift */,
			);
			path = MovieLibraryUITests;
			sourceTree = "<group>";
		};
		9FA8FE882995163000D9017A /* SupportingFiles */ = {
			isa = PBXGroup;
			children = (
				9FA8FE602992BD3B00D9017A /* Info.plist */,
			);
			path = SupportingFiles;
			sourceTree = "<group>";
		};
		9FA8FE89299545C300D9017A /* Model */ = {
			isa = PBXGroup;
			children = (
				9FE0687C299E48B0007A34A6 /* Popular */,
			);
			path = Model;
			sourceTree = "<group>";
		};
		9FA8FE8A299545D000D9017A /* View */ = {
			isa = PBXGroup;
			children = (
				9F035DFE2995470F0004CC14 /* PopularFilms */,
			);
			path = View;
			sourceTree = "<group>";
		};
		9FA8FE8B299545D700D9017A /* Controller */ = {
			isa = PBXGroup;
			children = (
				9FE0687D299E48E7007A34A6 /* PopularFilm */,
			);
			path = Controller;
			sourceTree = "<group>";
		};
		9FD96667299A6E8A006B0357 /* Provider */ = {
			isa = PBXGroup;
			children = (
				9F02B5B1299E520500D696D3 /* APIClient.swift */,
			);
			path = Provider;
			sourceTree = "<group>";
		};
		9FE0687C299E48B0007A34A6 /* Popular */ = {
			isa = PBXGroup;
			children = (
				9FE0687A299E3ABD007A34A6 /* ModelPopularFilms.swift */,
			);
			path = Popular;
			sourceTree = "<group>";
		};
		9FE0687D299E48E7007A34A6 /* PopularFilm */ = {
			isa = PBXGroup;
			children = (
				9F035DF9299546960004CC14 /* ListPopularFilmsViewController.swift */,
			);
			path = PopularFilm;
			sourceTree = "<group>";
		};
/* End PBXGroup section */

/* Begin PBXNativeTarget section */
		9FA8FE4E2992BD3B00D9017A /* MovieLibrary */ = {
			isa = PBXNativeTarget;
			buildConfigurationList = 9FA8FE792992BD3C00D9017A /* Build configuration list for PBXNativeTarget "MovieLibrary" */;
			buildPhases = (
				9FA8FE4B2992BD3B00D9017A /* Sources */,
				9FA8FE4C2992BD3B00D9017A /* Frameworks */,
				9FA8FE4D2992BD3B00D9017A /* Resources */,
			);
			buildRules = (
			);
			dependencies = (
			);
			name = MovieLibrary;
			productName = MovieLibrary;
			productReference = 9FA8FE4F2992BD3B00D9017A /* MovieLibrary.app */;
			productType = "com.apple.product-type.application";
		};
		9FA8FE642992BD3C00D9017A /* MovieLibraryTests */ = {
			isa = PBXNativeTarget;
			buildConfigurationList = 9FA8FE7C2992BD3C00D9017A /* Build configuration list for PBXNativeTarget "MovieLibraryTests" */;
			buildPhases = (
				9FA8FE612992BD3C00D9017A /* Sources */,
				9FA8FE622992BD3C00D9017A /* Frameworks */,
				9FA8FE632992BD3C00D9017A /* Resources */,
			);
			buildRules = (
			);
			dependencies = (
				9FA8FE672992BD3C00D9017A /* PBXTargetDependency */,
			);
			name = MovieLibraryTests;
			productName = MovieLibraryTests;
			productReference = 9FA8FE652992BD3C00D9017A /* MovieLibraryTests.xctest */;
			productType = "com.apple.product-type.bundle.unit-test";
		};
		9FA8FE6E2992BD3C00D9017A /* MovieLibraryUITests */ = {
			isa = PBXNativeTarget;
			buildConfigurationList = 9FA8FE7F2992BD3C00D9017A /* Build configuration list for PBXNativeTarget "MovieLibraryUITests" */;
			buildPhases = (
				9FA8FE6B2992BD3C00D9017A /* Sources */,
				9FA8FE6C2992BD3C00D9017A /* Frameworks */,
				9FA8FE6D2992BD3C00D9017A /* Resources */,
			);
			buildRules = (
			);
			dependencies = (
				9FA8FE712992BD3C00D9017A /* PBXTargetDependency */,
			);
			name = MovieLibraryUITests;
			productName = MovieLibraryUITests;
			productReference = 9FA8FE6F2992BD3C00D9017A /* MovieLibraryUITests.xctest */;
			productType = "com.apple.product-type.bundle.ui-testing";
		};
/* End PBXNativeTarget section */

/* Begin PBXProject section */
		9FA8FE472992BD3A00D9017A /* Project object */ = {
			isa = PBXProject;
			attributes = {
				BuildIndependentTargetsInParallel = 1;
				LastSwiftUpdateCheck = 1420;
				LastUpgradeCheck = 1420;
				TargetAttributes = {
					9FA8FE4E2992BD3B00D9017A = {
						CreatedOnToolsVersion = 14.2;
					};
					9FA8FE642992BD3C00D9017A = {
						CreatedOnToolsVersion = 14.2;
						TestTargetID = 9FA8FE4E2992BD3B00D9017A;
					};
					9FA8FE6E2992BD3C00D9017A = {
						CreatedOnToolsVersion = 14.2;
						TestTargetID = 9FA8FE4E2992BD3B00D9017A;
					};
				};
			};
			buildConfigurationList = 9FA8FE4A2992BD3A00D9017A /* Build configuration list for PBXProject "MovieLibrary" */;
			compatibilityVersion = "Xcode 14.0";
			developmentRegion = en;
			hasScannedForEncodings = 0;
			knownRegions = (
				en,
				Base,
			);
			mainGroup = 9FA8FE462992BD3A00D9017A;
			productRefGroup = 9FA8FE502992BD3B00D9017A /* Products */;
			projectDirPath = "";
			projectRoot = "";
			targets = (
				9FA8FE4E2992BD3B00D9017A /* MovieLibrary */,
				9FA8FE642992BD3C00D9017A /* MovieLibraryTests */,
				9FA8FE6E2992BD3C00D9017A /* MovieLibraryUITests */,
			);
		};
/* End PBXProject section */

/* Begin PBXResourcesBuildPhase section */
		9FA8FE4D2992BD3B00D9017A /* Resources */ = {
			isa = PBXResourcesBuildPhase;
			buildActionMask = 2147483647;
			files = (
				9F035DFC299546960004CC14 /* ListPopularFilmsViewController.xib in Resources */,
				9FA8FE5C2992BD3B00D9017A /* Assets.xcassets in Resources */,
			);
			runOnlyForDeploymentPostprocessing = 0;
		};
		9FA8FE632992BD3C00D9017A /* Resources */ = {
			isa = PBXResourcesBuildPhase;
			buildActionMask = 2147483647;
			files = (
			);
			runOnlyForDeploymentPostprocessing = 0;
		};
		9FA8FE6D2992BD3C00D9017A /* Resources */ = {
			isa = PBXResourcesBuildPhase;
			buildActionMask = 2147483647;
			files = (
			);
			runOnlyForDeploymentPostprocessing = 0;
		};
/* End PBXResourcesBuildPhase section */

/* Begin PBXSourcesBuildPhase section */
		9FA8FE4B2992BD3B00D9017A /* Sources */ = {
			isa = PBXSourcesBuildPhase;
			buildActionMask = 2147483647;
			files = (
				9F02B5B0299E4F2300D696D3 /* ListPopularFilmsViewController.swift in Sources */,
				9FA8FE532992BD3B00D9017A /* AppDelegate.swift in Sources */,
				9FE0687B299E3ABD007A34A6 /* ModelPopularFilms.swift in Sources */,
				9F02B5B2299E520500D696D3 /* APIClient.swift in Sources */,
				9FA8FE552992BD3B00D9017A /* SceneDelegate.swift in Sources */,
				9F02B5B6299E540200D696D3 /* Constants.swift in Sources */,
			);
			runOnlyForDeploymentPostprocessing = 0;
		};
		9FA8FE612992BD3C00D9017A /* Sources */ = {
			isa = PBXSourcesBuildPhase;
			buildActionMask = 2147483647;
			files = (
				9FA8FE6A2992BD3C00D9017A /* MovieLibraryTests.swift in Sources */,
			);
			runOnlyForDeploymentPostprocessing = 0;
		};
		9FA8FE6B2992BD3C00D9017A /* Sources */ = {
			isa = PBXSourcesBuildPhase;
			buildActionMask = 2147483647;
			files = (
				9FA8FE742992BD3C00D9017A /* MovieLibraryUITests.swift in Sources */,
				9FA8FE762992BD3C00D9017A /* MovieLibraryUITestsLaunchTests.swift in Sources */,
			);
			runOnlyForDeploymentPostprocessing = 0;
		};
/* End PBXSourcesBuildPhase section */

/* Begin PBXTargetDependency section */
		9FA8FE672992BD3C00D9017A /* PBXTargetDependency */ = {
			isa = PBXTargetDependency;
			target = 9FA8FE4E2992BD3B00D9017A /* MovieLibrary */;
			targetProxy = 9FA8FE662992BD3C00D9017A /* PBXContainerItemProxy */;
		};
		9FA8FE712992BD3C00D9017A /* PBXTargetDependency */ = {
			isa = PBXTargetDependency;
			target = 9FA8FE4E2992BD3B00D9017A /* MovieLibrary */;
			targetProxy = 9FA8FE702992BD3C00D9017A /* PBXContainerItemProxy */;
		};
/* End PBXTargetDependency section */

/* Begin XCBuildConfiguration section */
		9FA8FE772992BD3C00D9017A /* Debug */ = {
			isa = XCBuildConfiguration;
			buildSettings = {
				ALWAYS_SEARCH_USER_PATHS = NO;
				CLANG_ANALYZER_NONNULL = YES;
				CLANG_ANALYZER_NUMBER_OBJECT_CONVERSION = YES_AGGRESSIVE;
				CLANG_CXX_LANGUAGE_STANDARD = "gnu++20";
				CLANG_ENABLE_MODULES = YES;
				CLANG_ENABLE_OBJC_ARC = YES;
				CLANG_ENABLE_OBJC_WEAK = YES;
				CLANG_WARN_BLOCK_CAPTURE_AUTORELEASING = YES;
				CLANG_WARN_BOOL_CONVERSION = YES;
				CLANG_WARN_COMMA = YES;
				CLANG_WARN_CONSTANT_CONVERSION = YES;
				CLANG_WARN_DEPRECATED_OBJC_IMPLEMENTATIONS = YES;
				CLANG_WARN_DIRECT_OBJC_ISA_USAGE = YES_ERROR;
				CLANG_WARN_DOCUMENTATION_COMMENTS = YES;
				CLANG_WARN_EMPTY_BODY = YES;
				CLANG_WARN_ENUM_CONVERSION = YES;
				CLANG_WARN_INFINITE_RECURSION = YES;
				CLANG_WARN_INT_CONVERSION = YES;
				CLANG_WARN_NON_LITERAL_NULL_CONVERSION = YES;
				CLANG_WARN_OBJC_IMPLICIT_RETAIN_SELF = YES;
				CLANG_WARN_OBJC_LITERAL_CONVERSION = YES;
				CLANG_WARN_OBJC_ROOT_CLASS = YES_ERROR;
				CLANG_WARN_QUOTED_INCLUDE_IN_FRAMEWORK_HEADER = YES;
				CLANG_WARN_RANGE_LOOP_ANALYSIS = YES;
				CLANG_WARN_STRICT_PROTOTYPES = YES;
				CLANG_WARN_SUSPICIOUS_MOVE = YES;
				CLANG_WARN_UNGUARDED_AVAILABILITY = YES_AGGRESSIVE;
				CLANG_WARN_UNREACHABLE_CODE = YES;
				CLANG_WARN__DUPLICATE_METHOD_MATCH = YES;
				COPY_PHASE_STRIP = NO;
				DEBUG_INFORMATION_FORMAT = dwarf;
				ENABLE_STRICT_OBJC_MSGSEND = YES;
				ENABLE_TESTABILITY = YES;
				GCC_C_LANGUAGE_STANDARD = gnu11;
				GCC_DYNAMIC_NO_PIC = NO;
				GCC_NO_COMMON_BLOCKS = YES;
				GCC_OPTIMIZATION_LEVEL = 0;
				GCC_PREPROCESSOR_DEFINITIONS = (
					"DEBUG=1",
					"$(inherited)",
				);
				GCC_WARN_64_TO_32_BIT_CONVERSION = YES;
				GCC_WARN_ABOUT_RETURN_TYPE = YES_ERROR;
				GCC_WARN_UNDECLARED_SELECTOR = YES;
				GCC_WARN_UNINITIALIZED_AUTOS = YES_AGGRESSIVE;
				GCC_WARN_UNUSED_FUNCTION = YES;
				GCC_WARN_UNUSED_VARIABLE = YES;
				IPHONEOS_DEPLOYMENT_TARGET = 16.2;
				MTL_ENABLE_DEBUG_INFO = INCLUDE_SOURCE;
				MTL_FAST_MATH = YES;
				ONLY_ACTIVE_ARCH = YES;
				SDKROOT = iphoneos;
				SWIFT_ACTIVE_COMPILATION_CONDITIONS = DEBUG;
				SWIFT_OPTIMIZATION_LEVEL = "-Onone";
			};
			name = Debug;
		};
		9FA8FE782992BD3C00D9017A /* Release */ = {
			isa = XCBuildConfiguration;
			buildSettings = {
				ALWAYS_SEARCH_USER_PATHS = NO;
				CLANG_ANALYZER_NONNULL = YES;
				CLANG_ANALYZER_NUMBER_OBJECT_CONVERSION = YES_AGGRESSIVE;
				CLANG_CXX_LANGUAGE_STANDARD = "gnu++20";
				CLANG_ENABLE_MODULES = YES;
				CLANG_ENABLE_OBJC_ARC = YES;
				CLANG_ENABLE_OBJC_WEAK = YES;
				CLANG_WARN_BLOCK_CAPTURE_AUTORELEASING = YES;
				CLANG_WARN_BOOL_CONVERSION = YES;
				CLANG_WARN_COMMA = YES;
				CLANG_WARN_CONSTANT_CONVERSION = YES;
				CLANG_WARN_DEPRECATED_OBJC_IMPLEMENTATIONS = YES;
				CLANG_WARN_DIRECT_OBJC_ISA_USAGE = YES_ERROR;
				CLANG_WARN_DOCUMENTATION_COMMENTS = YES;
				CLANG_WARN_EMPTY_BODY = YES;
				CLANG_WARN_ENUM_CONVERSION = YES;
				CLANG_WARN_INFINITE_RECURSION = YES;
				CLANG_WARN_INT_CONVERSION = YES;
				CLANG_WARN_NON_LITERAL_NULL_CONVERSION = YES;
				CLANG_WARN_OBJC_IMPLICIT_RETAIN_SELF = YES;
				CLANG_WARN_OBJC_LITERAL_CONVERSION = YES;
				CLANG_WARN_OBJC_ROOT_CLASS = YES_ERROR;
				CLANG_WARN_QUOTED_INCLUDE_IN_FRAMEWORK_HEADER = YES;
				CLANG_WARN_RANGE_LOOP_ANALYSIS = YES;
				CLANG_WARN_STRICT_PROTOTYPES = YES;
				CLANG_WARN_SUSPICIOUS_MOVE = YES;
				CLANG_WARN_UNGUARDED_AVAILABILITY = YES_AGGRESSIVE;
				CLANG_WARN_UNREACHABLE_CODE = YES;
				CLANG_WARN__DUPLICATE_METHOD_MATCH = YES;
				COPY_PHASE_STRIP = NO;
				DEBUG_INFORMATION_FORMAT = "dwarf-with-dsym";
				ENABLE_NS_ASSERTIONS = NO;
				ENABLE_STRICT_OBJC_MSGSEND = YES;
				GCC_C_LANGUAGE_STANDARD = gnu11;
				GCC_NO_COMMON_BLOCKS = YES;
				GCC_WARN_64_TO_32_BIT_CONVERSION = YES;
				GCC_WARN_ABOUT_RETURN_TYPE = YES_ERROR;
				GCC_WARN_UNDECLARED_SELECTOR = YES;
				GCC_WARN_UNINITIALIZED_AUTOS = YES_AGGRESSIVE;
				GCC_WARN_UNUSED_FUNCTION = YES;
				GCC_WARN_UNUSED_VARIABLE = YES;
				IPHONEOS_DEPLOYMENT_TARGET = 16.2;
				MTL_ENABLE_DEBUG_INFO = NO;
				MTL_FAST_MATH = YES;
				SDKROOT = iphoneos;
				SWIFT_COMPILATION_MODE = wholemodule;
				SWIFT_OPTIMIZATION_LEVEL = "-O";
				VALIDATE_PRODUCT = YES;
			};
			name = Release;
		};
		9FA8FE7A2992BD3C00D9017A /* Debug */ = {
			isa = XCBuildConfiguration;
			buildSettings = {
				ASSETCATALOG_COMPILER_APPICON_NAME = AppIcon;
				ASSETCATALOG_COMPILER_GLOBAL_ACCENT_COLOR_NAME = AccentColor;
				CODE_SIGN_STYLE = Automatic;
				CURRENT_PROJECT_VERSION = 1;
				DEVELOPMENT_TEAM = NV5FY49WBP;
				GENERATE_INFOPLIST_FILE = YES;
				INFOPLIST_FILE = MovieLibrary/SupportingFiles/Info.plist;
				INFOPLIST_KEY_UIApplicationSupportsIndirectInputEvents = YES;
				INFOPLIST_KEY_UILaunchStoryboardName = LaunchScreen;
				INFOPLIST_KEY_UIMainStoryboardFile = Main;
				INFOPLIST_KEY_UISupportedInterfaceOrientations_iPad = "UIInterfaceOrientationPortrait UIInterfaceOrientationPortraitUpsideDown UIInterfaceOrientationLandscapeLeft UIInterfaceOrientationLandscapeRight";
				INFOPLIST_KEY_UISupportedInterfaceOrientations_iPhone = "UIInterfaceOrientationPortrait UIInterfaceOrientationLandscapeLeft UIInterfaceOrientationLandscapeRight";
				LD_RUNPATH_SEARCH_PATHS = (
					"$(inherited)",
					"@executable_path/Frameworks",
				);
				MARKETING_VERSION = 1.0;
				PRODUCT_BUNDLE_IDENTIFIER = andresaleu.MovieLibrary;
				PRODUCT_NAME = "$(TARGET_NAME)";
				SWIFT_EMIT_LOC_STRINGS = YES;
				SWIFT_VERSION = 5.0;
				TARGETED_DEVICE_FAMILY = "1,2";
			};
			name = Debug;
		};
		9FA8FE7B2992BD3C00D9017A /* Release */ = {
			isa = XCBuildConfiguration;
			buildSettings = {
				ASSETCATALOG_COMPILER_APPICON_NAME = AppIcon;
				ASSETCATALOG_COMPILER_GLOBAL_ACCENT_COLOR_NAME = AccentColor;
				CODE_SIGN_STYLE = Automatic;
				CURRENT_PROJECT_VERSION = 1;
				DEVELOPMENT_TEAM = NV5FY49WBP;
				GENERATE_INFOPLIST_FILE = YES;
				INFOPLIST_FILE = MovieLibrary/SupportingFiles/Info.plist;
				INFOPLIST_KEY_UIApplicationSupportsIndirectInputEvents = YES;
				INFOPLIST_KEY_UILaunchStoryboardName = LaunchScreen;
				INFOPLIST_KEY_UIMainStoryboardFile = Main;
				INFOPLIST_KEY_UISupportedInterfaceOrientations_iPad = "UIInterfaceOrientationPortrait UIInterfaceOrientationPortraitUpsideDown UIInterfaceOrientationLandscapeLeft UIInterfaceOrientationLandscapeRight";
				INFOPLIST_KEY_UISupportedInterfaceOrientations_iPhone = "UIInterfaceOrientationPortrait UIInterfaceOrientationLandscapeLeft UIInterfaceOrientationLandscapeRight";
				LD_RUNPATH_SEARCH_PATHS = (
					"$(inherited)",
					"@executable_path/Frameworks",
				);
				MARKETING_VERSION = 1.0;
				PRODUCT_BUNDLE_IDENTIFIER = andresaleu.MovieLibrary;
				PRODUCT_NAME = "$(TARGET_NAME)";
				SWIFT_EMIT_LOC_STRINGS = YES;
				SWIFT_VERSION = 5.0;
				TARGETED_DEVICE_FAMILY = "1,2";
			};
			name = Release;
		};
		9FA8FE7D2992BD3C00D9017A /* Debug */ = {
			isa = XCBuildConfiguration;
			buildSettings = {
				ALWAYS_EMBED_SWIFT_STANDARD_LIBRARIES = YES;
				BUNDLE_LOADER = "$(TEST_HOST)";
				CODE_SIGN_STYLE = Automatic;
				CURRENT_PROJECT_VERSION = 1;
				DEVELOPMENT_TEAM = NV5FY49WBP;
				GENERATE_INFOPLIST_FILE = YES;
				IPHONEOS_DEPLOYMENT_TARGET = 16.2;
				MARKETING_VERSION = 1.0;
				PRODUCT_BUNDLE_IDENTIFIER = andresaleu.MovieLibraryTests;
				PRODUCT_NAME = "$(TARGET_NAME)";
				SWIFT_EMIT_LOC_STRINGS = NO;
				SWIFT_VERSION = 5.0;
				TARGETED_DEVICE_FAMILY = "1,2";
				TEST_HOST = "$(BUILT_PRODUCTS_DIR)/MovieLibrary.app/$(BUNDLE_EXECUTABLE_FOLDER_PATH)/MovieLibrary";
			};
			name = Debug;
		};
		9FA8FE7E2992BD3C00D9017A /* Release */ = {
			isa = XCBuildConfiguration;
			buildSettings = {
				ALWAYS_EMBED_SWIFT_STANDARD_LIBRARIES = YES;
				BUNDLE_LOADER = "$(TEST_HOST)";
				CODE_SIGN_STYLE = Automatic;
				CURRENT_PROJECT_VERSION = 1;
				DEVELOPMENT_TEAM = NV5FY49WBP;
				GENERATE_INFOPLIST_FILE = YES;
				IPHONEOS_DEPLOYMENT_TARGET = 16.2;
				MARKETING_VERSION = 1.0;
				PRODUCT_BUNDLE_IDENTIFIER = andresaleu.MovieLibraryTests;
				PRODUCT_NAME = "$(TARGET_NAME)";
				SWIFT_EMIT_LOC_STRINGS = NO;
				SWIFT_VERSION = 5.0;
				TARGETED_DEVICE_FAMILY = "1,2";
				TEST_HOST = "$(BUILT_PRODUCTS_DIR)/MovieLibrary.app/$(BUNDLE_EXECUTABLE_FOLDER_PATH)/MovieLibrary";
			};
			name = Release;
		};
		9FA8FE802992BD3C00D9017A /* Debug */ = {
			isa = XCBuildConfiguration;
			buildSettings = {
				ALWAYS_EMBED_SWIFT_STANDARD_LIBRARIES = YES;
				CODE_SIGN_STYLE = Automatic;
				CURRENT_PROJECT_VERSION = 1;
				DEVELOPMENT_TEAM = NV5FY49WBP;
				GENERATE_INFOPLIST_FILE = YES;
				MARKETING_VERSION = 1.0;
				PRODUCT_BUNDLE_IDENTIFIER = andresaleu.MovieLibraryUITests;
				PRODUCT_NAME = "$(TARGET_NAME)";
				SWIFT_EMIT_LOC_STRINGS = NO;
				SWIFT_VERSION = 5.0;
				TARGETED_DEVICE_FAMILY = "1,2";
				TEST_TARGET_NAME = MovieLibrary;
			};
			name = Debug;
		};
		9FA8FE812992BD3C00D9017A /* Release */ = {
			isa = XCBuildConfiguration;
			buildSettings = {
				ALWAYS_EMBED_SWIFT_STANDARD_LIBRARIES = YES;
				CODE_SIGN_STYLE = Automatic;
				CURRENT_PROJECT_VERSION = 1;
				DEVELOPMENT_TEAM = NV5FY49WBP;
				GENERATE_INFOPLIST_FILE = YES;
				MARKETING_VERSION = 1.0;
				PRODUCT_BUNDLE_IDENTIFIER = andresaleu.MovieLibraryUITests;
				PRODUCT_NAME = "$(TARGET_NAME)";
				SWIFT_EMIT_LOC_STRINGS = NO;
				SWIFT_VERSION = 5.0;
				TARGETED_DEVICE_FAMILY = "1,2";
				TEST_TARGET_NAME = MovieLibrary;
			};
			name = Release;
		};
/* End XCBuildConfiguration section */

/* Begin XCConfigurationList section */
		9FA8FE4A2992BD3A00D9017A /* Build configuration list for PBXProject "MovieLibrary" */ = {
			isa = XCConfigurationList;
			buildConfigurations = (
				9FA8FE772992BD3C00D9017A /* Debug */,
				9FA8FE782992BD3C00D9017A /* Release */,
			);
			defaultConfigurationIsVisible = 0;
			defaultConfigurationName = Release;
		};
		9FA8FE792992BD3C00D9017A /* Build configuration list for PBXNativeTarget "MovieLibrary" */ = {
			isa = XCConfigurationList;
			buildConfigurations = (
				9FA8FE7A2992BD3C00D9017A /* Debug */,
				9FA8FE7B2992BD3C00D9017A /* Release */,
			);
			defaultConfigurationIsVisible = 0;
			defaultConfigurationName = Release;
		};
		9FA8FE7C2992BD3C00D9017A /* Build configuration list for PBXNativeTarget "MovieLibraryTests" */ = {
			isa = XCConfigurationList;
			buildConfigurations = (
				9FA8FE7D2992BD3C00D9017A /* Debug */,
				9FA8FE7E2992BD3C00D9017A /* Release */,
			);
			defaultConfigurationIsVisible = 0;
			defaultConfigurationName = Release;
		};
		9FA8FE7F2992BD3C00D9017A /* Build configuration list for PBXNativeTarget "MovieLibraryUITests" */ = {
			isa = XCConfigurationList;
			buildConfigurations = (
				9FA8FE802992BD3C00D9017A /* Debug */,
				9FA8FE812992BD3C00D9017A /* Release */,
			);
			defaultConfigurationIsVisible = 0;
			defaultConfigurationName = Release;
		};
/* End XCConfigurationList section */
	};
	rootObject = 9FA8FE472992BD3A00D9017A /* Project object */;
}
